// !$*UTF8*$!
{
	archiveVersion = 1;
	classes = {
	};
	objectVersion = 46;
	objects = {

/* Begin PBXBuildFile section */
		A166A3BD18D4DCEB003D93A2 /* Foundation.framework in Frameworks */ = {isa = PBXBuildFile; fileRef = A166A3BC18D4DCEB003D93A2 /* Foundation.framework */; };
		A166A3BF18D4DCEB003D93A2 /* CoreGraphics.framework in Frameworks */ = {isa = PBXBuildFile; fileRef = A166A3BE18D4DCEB003D93A2 /* CoreGraphics.framework */; };
		A166A3C118D4DCEB003D93A2 /* UIKit.framework in Frameworks */ = {isa = PBXBuildFile; fileRef = A166A3C018D4DCEB003D93A2 /* UIKit.framework */; };
		A166A3C718D4DCEB003D93A2 /* InfoPlist.strings in Resources */ = {isa = PBXBuildFile; fileRef = A166A3C518D4DCEB003D93A2 /* InfoPlist.strings */; };
		A166A3C918D4DCEB003D93A2 /* main.m in Sources */ = {isa = PBXBuildFile; fileRef = A166A3C818D4DCEB003D93A2 /* main.m */; };
		A166A3CD18D4DCEB003D93A2 /* AppDelegate.m in Sources */ = {isa = PBXBuildFile; fileRef = A166A3CC18D4DCEB003D93A2 /* AppDelegate.m */; };
		A166A3D018D4DCEB003D93A2 /* Main_iPhone.storyboard in Resources */ = {isa = PBXBuildFile; fileRef = A166A3CE18D4DCEB003D93A2 /* Main_iPhone.storyboard */; };
		A166A3D318D4DCEB003D93A2 /* Main_iPad.storyboard in Resources */ = {isa = PBXBuildFile; fileRef = A166A3D118D4DCEB003D93A2 /* Main_iPad.storyboard */; };
		A166A3D618D4DCEB003D93A2 /* ViewController.m in Sources */ = {isa = PBXBuildFile; fileRef = A166A3D518D4DCEB003D93A2 /* ViewController.m */; };
		A166A3D818D4DCEB003D93A2 /* Images.xcassets in Resources */ = {isa = PBXBuildFile; fileRef = A166A3D718D4DCEB003D93A2 /* Images.xcassets */; };
		A166A3DF18D4DCEB003D93A2 /* XCTest.framework in Frameworks */ = {isa = PBXBuildFile; fileRef = A166A3DE18D4DCEB003D93A2 /* XCTest.framework */; };
		A166A3E018D4DCEB003D93A2 /* Foundation.framework in Frameworks */ = {isa = PBXBuildFile; fileRef = A166A3BC18D4DCEB003D93A2 /* Foundation.framework */; };
		A166A3E118D4DCEB003D93A2 /* UIKit.framework in Frameworks */ = {isa = PBXBuildFile; fileRef = A166A3C018D4DCEB003D93A2 /* UIKit.framework */; };
		A166A3E918D4DCEB003D93A2 /* InfoPlist.strings in Resources */ = {isa = PBXBuildFile; fileRef = A166A3E718D4DCEB003D93A2 /* InfoPlist.strings */; };
		A166A3EB18D4DCEB003D93A2 /* Conway_s_Game_Of_LifeTests.m in Sources */ = {isa = PBXBuildFile; fileRef = A166A3EA18D4DCEB003D93A2 /* Conway_s_Game_Of_LifeTests.m */; };
/* End PBXBuildFile section */

/* Begin PBXContainerItemProxy section */
		A166A3E218D4DCEB003D93A2 /* PBXContainerItemProxy */ = {
			isa = PBXContainerItemProxy;
			containerPortal = A166A3B118D4DCEB003D93A2 /* Project object */;
			proxyType = 1;
			remoteGlobalIDString = A166A3B818D4DCEB003D93A2;
			remoteInfo = "Conway's Game Of Life";
		};
/* End PBXContainerItemProxy section */

/* Begin PBXFileReference section */
		A166A3B918D4DCEB003D93A2 /* Conway's Game Of Life.app */ = {isa = PBXFileReference; explicitFileType = wrapper.application; includeInIndex = 0; path = "Conway's Game Of Life.app"; sourceTree = BUILT_PRODUCTS_DIR; };
		A166A3BC18D4DCEB003D93A2 /* Foundation.framework */ = {isa = PBXFileReference; lastKnownFileType = wrapper.framework; name = Foundation.framework; path = System/Library/Frameworks/Foundation.framework; sourceTree = SDKROOT; };
		A166A3BE18D4DCEB003D93A2 /* CoreGraphics.framework */ = {isa = PBXFileReference; lastKnownFileType = wrapper.framework; name = CoreGraphics.framework; path = System/Library/Frameworks/CoreGraphics.framework; sourceTree = SDKROOT; };
		A166A3C018D4DCEB003D93A2 /* UIKit.framework */ = {isa = PBXFileReference; lastKnownFileType = wrapper.framework; name = UIKit.framework; path = System/Library/Frameworks/UIKit.framework; sourceTree = SDKROOT; };
		A166A3C418D4DCEB003D93A2 /* Conway's Game Of Life-Info.plist */ = {isa = PBXFileReference; lastKnownFileType = text.plist.xml; path = "Conway's Game Of Life-Info.plist"; sourceTree = "<group>"; };
		A166A3C618D4DCEB003D93A2 /* en */ = {isa = PBXFileReference; lastKnownFileType = text.plist.strings; name = en; path = en.lproj/InfoPlist.strings; sourceTree = "<group>"; };
		A166A3C818D4DCEB003D93A2 /* main.m */ = {isa = PBXFileReference; lastKnownFileType = sourcecode.c.objc; path = main.m; sourceTree = "<group>"; };
		A166A3CA18D4DCEB003D93A2 /* Conway's Game Of Life-Prefix.pch */ = {isa = PBXFileReference; lastKnownFileType = sourcecode.c.h; path = "Conway's Game Of Life-Prefix.pch"; sourceTree = "<group>"; };
		A166A3CB18D4DCEB003D93A2 /* AppDelegate.h */ = {isa = PBXFileReference; lastKnownFileType = sourcecode.c.h; path = AppDelegate.h; sourceTree = "<group>"; };
		A166A3CC18D4DCEB003D93A2 /* AppDelegate.m */ = {isa = PBXFileReference; lastKnownFileType = sourcecode.c.objc; path = AppDelegate.m; sourceTree = "<group>"; };
		A166A3CF18D4DCEB003D93A2 /* Base */ = {isa = PBXFileReference; lastKnownFileType = file.storyboard; name = Base; path = Base.lproj/Main_iPhone.storyboard; sourceTree = "<group>"; };
		A166A3D218D4DCEB003D93A2 /* Base */ = {isa = PBXFileReference; lastKnownFileType = file.storyboard; name = Base; path = Base.lproj/Main_iPad.storyboard; sourceTree = "<group>"; };
		A166A3D418D4DCEB003D93A2 /* ViewController.h */ = {isa = PBXFileReference; lastKnownFileType = sourcecode.c.h; path = ViewController.h; sourceTree = "<group>"; };
		A166A3D518D4DCEB003D93A2 /* ViewController.m */ = {isa = PBXFileReference; lastKnownFileType = sourcecode.c.objc; path = ViewController.m; sourceTree = "<group>"; };
		A166A3D718D4DCEB003D93A2 /* Images.xcassets */ = {isa = PBXFileReference; lastKnownFileType = folder.assetcatalog; path = Images.xcassets; sourceTree = "<group>"; };
		A166A3DD18D4DCEB003D93A2 /* Conway's Game Of LifeTests.xctest */ = {isa = PBXFileReference; explicitFileType = wrapper.cfbundle; includeInIndex = 0; path = "Conway's Game Of LifeTests.xctest"; sourceTree = BUILT_PRODUCTS_DIR; };
		A166A3DE18D4DCEB003D93A2 /* XCTest.framework */ = {isa = PBXFileReference; lastKnownFileType = wrapper.framework; name = XCTest.framework; path = Library/Frameworks/XCTest.framework; sourceTree = DEVELOPER_DIR; };
		A166A3E618D4DCEB003D93A2 /* Conway's Game Of LifeTests-Info.plist */ = {isa = PBXFileReference; lastKnownFileType = text.plist.xml; path = "Conway's Game Of LifeTests-Info.plist"; sourceTree = "<group>"; };
		A166A3E818D4DCEB003D93A2 /* en */ = {isa = PBXFileReference; lastKnownFileType = text.plist.strings; name = en; path = en.lproj/InfoPlist.strings; sourceTree = "<group>"; };
		A166A3EA18D4DCEB003D93A2 /* Conway_s_Game_Of_LifeTests.m */ = {isa = PBXFileReference; lastKnownFileType = sourcecode.c.objc; path = Conway_s_Game_Of_LifeTests.m; sourceTree = "<group>"; };
/* End PBXFileReference section */

/* Begin PBXFrameworksBuildPhase section */
		A166A3B618D4DCEB003D93A2 /* Frameworks */ = {
			isa = PBXFrameworksBuildPhase;
			buildActionMask = 2147483647;
			files = (
				A166A3BF18D4DCEB003D93A2 /* CoreGraphics.framework in Frameworks */,
				A166A3C118D4DCEB003D93A2 /* UIKit.framework in Frameworks */,
				A166A3BD18D4DCEB003D93A2 /* Foundation.framework in Frameworks */,
			);
			runOnlyForDeploymentPostprocessing = 0;
		};
		A166A3DA18D4DCEB003D93A2 /* Frameworks */ = {
			isa = PBXFrameworksBuildPhase;
			buildActionMask = 2147483647;
			files = (
				A166A3DF18D4DCEB003D93A2 /* XCTest.framework in Frameworks */,
				A166A3E118D4DCEB003D93A2 /* UIKit.framework in Frameworks */,
				A166A3E018D4DCEB003D93A2 /* Foundation.framework in Frameworks */,
			);
			runOnlyForDeploymentPostprocessing = 0;
		};
/* End PBXFrameworksBuildPhase section */

/* Begin PBXGroup section */
		A166A3B018D4DCEB003D93A2 = {
			isa = PBXGroup;
			children = (
				A166A3C218D4DCEB003D93A2 /* Conway's Game Of Life */,
				A166A3E418D4DCEB003D93A2 /* Conway's Game Of LifeTests */,
				A166A3BB18D4DCEB003D93A2 /* Frameworks */,
				A166A3BA18D4DCEB003D93A2 /* Products */,
			);
			sourceTree = "<group>";
		};
		A166A3BA18D4DCEB003D93A2 /* Products */ = {
			isa = PBXGroup;
			children = (
				A166A3B918D4DCEB003D93A2 /* Conway's Game Of Life.app */,
				A166A3DD18D4DCEB003D93A2 /* Conway's Game Of LifeTests.xctest */,
			);
			name = Products;
			sourceTree = "<group>";
		};
		A166A3BB18D4DCEB003D93A2 /* Frameworks */ = {
			isa = PBXGroup;
			children = (
				A166A3BC18D4DCEB003D93A2 /* Foundation.framework */,
				A166A3BE18D4DCEB003D93A2 /* CoreGraphics.framework */,
				A166A3C018D4DCEB003D93A2 /* UIKit.framework */,
				A166A3DE18D4DCEB003D93A2 /* XCTest.framework */,
			);
			name = Frameworks;
			sourceTree = "<group>";
		};
		A166A3C218D4DCEB003D93A2 /* Conway's Game Of Life */ = {
			isa = PBXGroup;
			children = (
				A166A3CB18D4DCEB003D93A2 /* AppDelegate.h */,
				A166A3CC18D4DCEB003D93A2 /* AppDelegate.m */,
				A166A3CE18D4DCEB003D93A2 /* Main_iPhone.storyboard */,
				A166A3D118D4DCEB003D93A2 /* Main_iPad.storyboard */,
				A166A3D418D4DCEB003D93A2 /* ViewController.h */,
				A166A3D518D4DCEB003D93A2 /* ViewController.m */,
				A166A3D718D4DCEB003D93A2 /* Images.xcassets */,
				A166A3C318D4DCEB003D93A2 /* Supporting Files */,
			);
			path = "Conway's Game Of Life";
			sourceTree = "<group>";
		};
		A166A3C318D4DCEB003D93A2 /* Supporting Files */ = {
			isa = PBXGroup;
			children = (
				A166A3C418D4DCEB003D93A2 /* Conway's Game Of Life-Info.plist */,
				A166A3C518D4DCEB003D93A2 /* InfoPlist.strings */,
				A166A3C818D4DCEB003D93A2 /* main.m */,
				A166A3CA18D4DCEB003D93A2 /* Conway's Game Of Life-Prefix.pch */,
			);
			name = "Supporting Files";
			sourceTree = "<group>";
		};
		A166A3E418D4DCEB003D93A2 /* Conway's Game Of LifeTests */ = {
			isa = PBXGroup;
			children = (
				A166A3EA18D4DCEB003D93A2 /* Conway_s_Game_Of_LifeTests.m */,
				A166A3E518D4DCEB003D93A2 /* Supporting Files */,
			);
			path = "Conway's Game Of LifeTests";
			sourceTree = "<group>";
		};
		A166A3E518D4DCEB003D93A2 /* Supporting Files */ = {
			isa = PBXGroup;
			children = (
				A166A3E618D4DCEB003D93A2 /* Conway's Game Of LifeTests-Info.plist */,
				A166A3E718D4DCEB003D93A2 /* InfoPlist.strings */,
			);
			name = "Supporting Files";
			sourceTree = "<group>";
		};
/* End PBXGroup section */

/* Begin PBXNativeTarget section */
		A166A3B818D4DCEB003D93A2 /* Conway's Game Of Life */ = {
			isa = PBXNativeTarget;
			buildConfigurationList = A166A3EE18D4DCEB003D93A2 /* Build configuration list for PBXNativeTarget "Conway's Game Of Life" */;
			buildPhases = (
				A166A3B518D4DCEB003D93A2 /* Sources */,
				A166A3B618D4DCEB003D93A2 /* Frameworks */,
				A166A3B718D4DCEB003D93A2 /* Resources */,
			);
			buildRules = (
			);
			dependencies = (
			);
			name = "Conway's Game Of Life";
			productName = "Conway's Game Of Life";
			productReference = A166A3B918D4DCEB003D93A2 /* Conway's Game Of Life.app */;
			productType = "com.apple.product-type.application";
		};
		A166A3DC18D4DCEB003D93A2 /* Conway's Game Of LifeTests */ = {
			isa = PBXNativeTarget;
			buildConfigurationList = A166A3F118D4DCEB003D93A2 /* Build configuration list for PBXNativeTarget "Conway's Game Of LifeTests" */;
			buildPhases = (
				A166A3D918D4DCEB003D93A2 /* Sources */,
				A166A3DA18D4DCEB003D93A2 /* Frameworks */,
				A166A3DB18D4DCEB003D93A2 /* Resources */,
			);
			buildRules = (
			);
			dependencies = (
				A166A3E318D4DCEB003D93A2 /* PBXTargetDependency */,
			);
			name = "Conway's Game Of LifeTests";
			productName = "Conway's Game Of LifeTests";
			productReference = A166A3DD18D4DCEB003D93A2 /* Conway's Game Of LifeTests.xctest */;
			productType = "com.apple.product-type.bundle.unit-test";
		};
/* End PBXNativeTarget section */

/* Begin PBXProject section */
		A166A3B118D4DCEB003D93A2 /* Project object */ = {
			isa = PBXProject;
			attributes = {
				LastUpgradeCheck = 0500;
				ORGANIZATIONNAME = "Andrew Ke";
				TargetAttributes = {
					A166A3DC18D4DCEB003D93A2 = {
						TestTargetID = A166A3B818D4DCEB003D93A2;
					};
				};
			};
			buildConfigurationList = A166A3B418D4DCEB003D93A2 /* Build configuration list for PBXProject "Conway's Game Of Life" */;
			compatibilityVersion = "Xcode 3.2";
			developmentRegion = English;
			hasScannedForEncodings = 0;
			knownRegions = (
				en,
				Base,
			);
			mainGroup = A166A3B018D4DCEB003D93A2;
			productRefGroup = A166A3BA18D4DCEB003D93A2 /* Products */;
			projectDirPath = "";
			projectRoot = "";
			targets = (
				A166A3B818D4DCEB003D93A2 /* Conway's Game Of Life */,
				A166A3DC18D4DCEB003D93A2 /* Conway's Game Of LifeTests */,
			);
		};
/* End PBXProject section */

/* Begin PBXResourcesBuildPhase section */
		A166A3B718D4DCEB003D93A2 /* Resources */ = {
			isa = PBXResourcesBuildPhase;
			buildActionMask = 2147483647;
			files = (
				A166A3D318D4DCEB003D93A2 /* Main_iPad.storyboard in Resources */,
				A166A3D818D4DCEB003D93A2 /* Images.xcassets in Resources */,
				A166A3D018D4DCEB003D93A2 /* Main_iPhone.storyboard in Resources */,
				A166A3C718D4DCEB003D93A2 /* InfoPlist.strings in Resources */,
			);
			runOnlyForDeploymentPostprocessing = 0;
		};
		A166A3DB18D4DCEB003D93A2 /* Resources */ = {
			isa = PBXResourcesBuildPhase;
			buildActionMask = 2147483647;
			files = (
				A166A3E918D4DCEB003D93A2 /* InfoPlist.strings in Resources */,
			);
			runOnlyForDeploymentPostprocessing = 0;
		};
/* End PBXResourcesBuildPhase section */

/* Begin PBXSourcesBuildPhase section */
		A166A3B518D4DCEB003D93A2 /* Sources */ = {
			isa = PBXSourcesBuildPhase;
			buildActionMask = 2147483647;
			files = (
				A166A3D618D4DCEB003D93A2 /* ViewController.m in Sources */,
				A166A3CD18D4DCEB003D93A2 /* AppDelegate.m in Sources */,
				A166A3C918D4DCEB003D93A2 /* main.m in Sources */,
			);
			runOnlyForDeploymentPostprocessing = 0;
		};
		A166A3D918D4DCEB003D93A2 /* Sources */ = {
			isa = PBXSourcesBuildPhase;
			buildActionMask = 2147483647;
			files = (
				A166A3EB18D4DCEB003D93A2 /* Conway_s_Game_Of_LifeTests.m in Sources */,
			);
			runOnlyForDeploymentPostprocessing = 0;
		};
/* End PBXSourcesBuildPhase section */

/* Begin PBXTargetDependency section */
		A166A3E318D4DCEB003D93A2 /* PBXTargetDependency */ = {
			isa = PBXTargetDependency;
			target = A166A3B818D4DCEB003D93A2 /* Conway's Game Of Life */;
			targetProxy = A166A3E218D4DCEB003D93A2 /* PBXContainerItemProxy */;
		};
/* End PBXTargetDependency section */

/* Begin PBXVariantGroup section */
		A166A3C518D4DCEB003D93A2 /* InfoPlist.strings */ = {
			isa = PBXVariantGroup;
			children = (
				A166A3C618D4DCEB003D93A2 /* en */,
			);
			name = InfoPlist.strings;
			sourceTree = "<group>";
		};
		A166A3CE18D4DCEB003D93A2 /* Main_iPhone.storyboard */ = {
			isa = PBXVariantGroup;
			children = (
				A166A3CF18D4DCEB003D93A2 /* Base */,
			);
			name = Main_iPhone.storyboard;
			sourceTree = "<group>";
		};
		A166A3D118D4DCEB003D93A2 /* Main_iPad.storyboard */ = {
			isa = PBXVariantGroup;
			children = (
				A166A3D218D4DCEB003D93A2 /* Base */,
			);
			name = Main_iPad.storyboard;
			sourceTree = "<group>";
		};
		A166A3E718D4DCEB003D93A2 /* InfoPlist.strings */ = {
			isa = PBXVariantGroup;
			children = (
				A166A3E818D4DCEB003D93A2 /* en */,
			);
			name = InfoPlist.strings;
			sourceTree = "<group>";
		};
/* End PBXVariantGroup section */

/* Begin XCBuildConfiguration section */
		A166A3EC18D4DCEB003D93A2 /* Debug */ = {
			isa = XCBuildConfiguration;
			buildSettings = {
				ALWAYS_SEARCH_USER_PATHS = NO;
				ARCHS = "$(ARCHS_STANDARD_INCLUDING_64_BIT)";
				CLANG_CXX_LANGUAGE_STANDARD = "gnu++0x";
				CLANG_CXX_LIBRARY = "libc++";
				CLANG_ENABLE_MODULES = YES;
				CLANG_ENABLE_OBJC_ARC = YES;
				CLANG_WARN_BOOL_CONVERSION = YES;
				CLANG_WARN_CONSTANT_CONVERSION = YES;
				CLANG_WARN_DIRECT_OBJC_ISA_USAGE = YES_ERROR;
				CLANG_WARN_EMPTY_BODY = YES;
				CLANG_WARN_ENUM_CONVERSION = YES;
				CLANG_WARN_INT_CONVERSION = YES;
				CLANG_WARN_OBJC_ROOT_CLASS = YES_ERROR;
				CLANG_WARN__DUPLICATE_METHOD_MATCH = YES;
				"CODE_SIGN_IDENTITY[sdk=iphoneos*]" = "iPhone Developer";
				COPY_PHASE_STRIP = NO;
				GCC_C_LANGUAGE_STANDARD = gnu99;
				GCC_DYNAMIC_NO_PIC = NO;
				GCC_OPTIMIZATION_LEVEL = 0;
				GCC_PREPROCESSOR_DEFINITIONS = (
					"DEBUG=1",
					"$(inherited)",
				);
				GCC_SYMBOLS_PRIVATE_EXTERN = NO;
				GCC_WARN_64_TO_32_BIT_CONVERSION = YES;
				GCC_WARN_ABOUT_RETURN_TYPE = YES_ERROR;
				GCC_WARN_UNDECLARED_SELECTOR = YES;
				GCC_WARN_UNINITIALIZED_AUTOS = YES;
				GCC_WARN_UNUSED_FUNCTION = YES;
				GCC_WARN_UNUSED_VARIABLE = YES;
				IPHONEOS_DEPLOYMENT_TARGET = 7.0;
				ONLY_ACTIVE_ARCH = YES;
				SDKROOT = iphoneos;
				TARGETED_DEVICE_FAMILY = "1,2";
			};
			name = Debug;
		};
		A166A3ED18D4DCEB003D93A2 /* Release */ = {
			isa = XCBuildConfiguration;
			buildSettings = {
				ALWAYS_SEARCH_USER_PATHS = NO;
				ARCHS = "$(ARCHS_STANDARD_INCLUDING_64_BIT)";
				CLANG_CXX_LANGUAGE_STANDARD = "gnu++0x";
				CLANG_CXX_LIBRARY = "libc++";
				CLANG_ENABLE_MODULES = YES;
				CLANG_ENABLE_OBJC_ARC = YES;
				CLANG_WARN_BOOL_CONVERSION = YES;
				CLANG_WARN_CONSTANT_CONVERSION = YES;
				CLANG_WARN_DIRECT_OBJC_ISA_USAGE = YES_ERROR;
				CLANG_WARN_EMPTY_BODY = YES;
				CLANG_WARN_ENUM_CONVERSION = YES;
				CLANG_WARN_INT_CONVERSION = YES;
				CLANG_WARN_OBJC_ROOT_CLASS = YES_ERROR;
				CLANG_WARN__DUPLICATE_METHOD_MATCH = YES;
				"CODE_SIGN_IDENTITY[sdk=iphoneos*]" = "iPhone Developer";
				COPY_PHASE_STRIP = YES;
				ENABLE_NS_ASSERTIONS = NO;
				GCC_C_LANGUAGE_STANDARD = gnu99;
				GCC_WARN_64_TO_32_BIT_CONVERSION = YES;
				GCC_WARN_ABOUT_RETURN_TYPE = YES_ERROR;
				GCC_WARN_UNDECLARED_SELECTOR = YES;
				GCC_WARN_UNINITIALIZED_AUTOS = YES;
				GCC_WARN_UNUSED_FUNCTION = YES;
				GCC_WARN_UNUSED_VARIABLE = YES;
				IPHONEOS_DEPLOYMENT_TARGET = 7.0;
				SDKROOT = iphoneos;
				TARGETED_DEVICE_FAMILY = "1,2";
				VALIDATE_PRODUCT = YES;
			};
			name = Release;
		};
		A166A3EF18D4DCEB003D93A2 /* Debug */ = {
			isa = XCBuildConfiguration;
			buildSettings = {
				ASSETCATALOG_COMPILER_APPICON_NAME = AppIcon;
				ASSETCATALOG_COMPILER_LAUNCHIMAGE_NAME = LaunchImage;
				GCC_PRECOMPILE_PREFIX_HEADER = YES;
				GCC_PREFIX_HEADER = "Conway's Game Of Life/Conway's Game Of Life-Prefix.pch";
				INFOPLIST_FILE = "Conway's Game Of Life/Conway's Game Of Life-Info.plist";
				PRODUCT_NAME = "$(TARGET_NAME)";
				WRAPPER_EXTENSION = app;
			};
			name = Debug;
		};
		A166A3F018D4DCEB003D93A2 /* Release */ = {
			isa = XCBuildConfiguration;
			buildSettings = {
				ASSETCATALOG_COMPILER_APPICON_NAME = AppIcon;
				ASSETCATALOG_COMPILER_LAUNCHIMAGE_NAME = LaunchImage;
				GCC_PRECOMPILE_PREFIX_HEADER = YES;
				GCC_PREFIX_HEADER = "Conway's Game Of Life/Conway's Game Of Life-Prefix.pch";
				INFOPLIST_FILE = "Conway's Game Of Life/Conway's Game Of Life-Info.plist";
				PRODUCT_NAME = "$(TARGET_NAME)";
				WRAPPER_EXTENSION = app;
			};
			name = Release;
		};
		A166A3F218D4DCEB003D93A2 /* Debug */ = {
			isa = XCBuildConfiguration;
			buildSettings = {
				ARCHS = "$(ARCHS_STANDARD_INCLUDING_64_BIT)";
				BUNDLE_LOADER = "$(BUILT_PRODUCTS_DIR)/Conway's Game Of Life.app/Conway's Game Of Life";
				FRAMEWORK_SEARCH_PATHS = (
					"$(SDKROOT)/Developer/Library/Frameworks",
					"$(inherited)",
					"$(DEVELOPER_FRAMEWORKS_DIR)",
				);
				GCC_PRECOMPILE_PREFIX_HEADER = YES;
				GCC_PREFIX_HEADER = "Conway's Game Of Life/Conway's Game Of Life-Prefix.pch";
				GCC_PREPROCESSOR_DEFINITIONS = (
					"DEBUG=1",
					"$(inherited)",
				);
				INFOPLIST_FILE = "Conway's Game Of LifeTests/Conway's Game Of LifeTests-Info.plist";
				PRODUCT_NAME = "$(TARGET_NAME)";
				TEST_HOST = "$(BUNDLE_LOADER)";
				WRAPPER_EXTENSION = xctest;
			};
			name = Debug;
		};
		A166A3F318D4DCEB003D93A2 /* Release */ = {
			isa = XCBuildConfiguration;
			buildSettings = {
				ARCHS = "$(ARCHS_STANDARD_INCLUDING_64_BIT)";
				BUNDLE_LOADER = "$(BUILT_PRODUCTS_DIR)/Conway's Game Of Life.app/Conway's Game Of Life";
				FRAMEWORK_SEARCH_PATHS = (
					"$(SDKROOT)/Developer/Library/Frameworks",
					"$(inherited)",
					"$(DEVELOPER_FRAMEWORKS_DIR)",
				);
				GCC_PRECOMPILE_PREFIX_HEADER = YES;
				GCC_PREFIX_HEADER = "Conway's Game Of Life/Conway's Game Of Life-Prefix.pch";
				INFOPLIST_FILE = "Conway's Game Of LifeTests/Conway's Game Of LifeTests-Info.plist";
				PRODUCT_NAME = "$(TARGET_NAME)";
				TEST_HOST = "$(BUNDLE_LOADER)";
				WRAPPER_EXTENSION = xctest;
			};
			name = Release;
		};
/* End XCBuildConfiguration section */

/* Begin XCConfigurationList section */
		A166A3B418D4DCEB003D93A2 /* Build configuration list for PBXProject "Conway's Game Of Life" */ = {
			isa = XCConfigurationList;
			buildConfigurations = (
				A166A3EC18D4DCEB003D93A2 /* Debug */,
				A166A3ED18D4DCEB003D93A2 /* Release */,
			);
			defaultConfigurationIsVisible = 0;
			defaultConfigurationName = Release;
		};
		A166A3EE18D4DCEB003D93A2 /* Build configuration list for PBXNativeTarget "Conway's Game Of Life" */ = {
			isa = XCConfigurationList;
			buildConfigurations = (
				A166A3EF18D4DCEB003D93A2 /* Debug */,
				A166A3F018D4DCEB003D93A2 /* Release */,
			);
			defaultConfigurationIsVisible = 0;
		};
		A166A3F118D4DCEB003D93A2 /* Build configuration list for PBXNativeTarget "Conway's Game Of LifeTests" */ = {
			isa = XCConfigurationList;
			buildConfigurations = (
				A166A3F218D4DCEB003D93A2 /* Debug */,
				A166A3F318D4DCEB003D93A2 /* Release */,
			);
			defaultConfigurationIsVisible = 0;
		};
/* End XCConfigurationList section */
	};
	rootObject = A166A3B118D4DCEB003D93A2 /* Project object */;
}
